
Microsoft Visual Studio Solution File, Format Version 12.00
# Visual Studio 14
VisualStudioVersion = 14.0.25123.0
MinimumVisualStudioVersion = 10.0.40219.1
Project("{FAE04EC0-301F-11D3-BF4B-00C04F79EFBC}") = "SampleCalculator.Droid", "SampleCalculator\SampleCalculator.Droid\SampleCalculator.Droid.csproj", "{D47E0D93-E571-454D-BB1B-302F71125E87}"
EndProject
Project("{FAE04EC0-301F-11D3-BF4B-00C04F79EFBC}") = "SampleCalculator.iOS", "SampleCalculator\SampleCalculator.iOS\SampleCalculator.iOS.csproj", "{476F99C2-7C9A-40DA-9C27-2257BE31A5A4}"
EndProject
Project("{FAE04EC0-301F-11D3-BF4B-00C04F79EFBC}") = "SampleCalculator.WinPhone", "SampleCalculator\SampleCalculator.WinPhone\SampleCalculator.WinPhone.csproj", "{5ED524C2-5C3C-48D8-BA29-B76342E32114}"
EndProject
Project("{FAE04EC0-301F-11D3-BF4B-00C04F79EFBC}") = "SampleCalculator.UWP", "SampleCalculator\SampleCalculator.UWP\SampleCalculator.UWP.csproj", "{64941341-85D6-4714-8B36-30C8B4647E7E}"
EndProject
Project("{FAE04EC0-301F-11D3-BF4B-00C04F79EFBC}") = "SampleCalculator.Windows", "SampleCalculator\SampleCalculator.Windows\SampleCalculator.Windows.csproj", "{8B34C7CC-BD71-4D2C-B109-2F4BB04E69B1}"
EndProject
Project("{FAE04EC0-301F-11D3-BF4B-00C04F79EFBC}") = "SampleCalculator", "SampleCalculator\SampleCalculator\SampleCalculator.csproj", "{95ABDB5F-A41A-4383-8B67-BAD974B0698F}"
EndProject
Global
	GlobalSection(SolutionConfigurationPlatforms) = preSolution
		Ad-Hoc|Any CPU = Ad-Hoc|Any CPU
		Ad-Hoc|ARM = Ad-Hoc|ARM
		Ad-Hoc|iPhone = Ad-Hoc|iPhone
		Ad-Hoc|iPhoneSimulator = Ad-Hoc|iPhoneSimulator
		Ad-Hoc|x64 = Ad-Hoc|x64
		Ad-Hoc|x86 = Ad-Hoc|x86
		AppStore|Any CPU = AppStore|Any CPU
		AppStore|ARM = AppStore|ARM
		AppStore|iPhone = AppStore|iPhone
		AppStore|iPhoneSimulator = AppStore|iPhoneSimulator
		AppStore|x64 = AppStore|x64
		AppStore|x86 = AppStore|x86
		Debug|Any CPU = Debug|Any CPU
		Debug|ARM = Debug|ARM
		Debug|iPhone = Debug|iPhone
		Debug|iPhoneSimulator = Debug|iPhoneSimulator
		Debug|x64 = Debug|x64
		Debug|x86 = Debug|x86
		Release|Any CPU = Release|Any CPU
		Release|ARM = Release|ARM
		Release|iPhone = Release|iPhone
		Release|iPhoneSimulator = Release|iPhoneSimulator
		Release|x64 = Release|x64
		Release|x86 = Release|x86
	EndGlobalSection
	GlobalSection(ProjectConfigurationPlatforms) = postSolution
		{D47E0D93-E571-454D-BB1B-302F71125E87}.Ad-Hoc|Any CPU.ActiveCfg = Release|Any CPU
		{D47E0D93-E571-454D-BB1B-302F71125E87}.Ad-Hoc|Any CPU.Build.0 = Release|Any CPU
		{D47E0D93-E571-454D-BB1B-302F71125E87}.Ad-Hoc|Any CPU.Deploy.0 = Release|Any CPU
		{D47E0D93-E571-454D-BB1B-302F71125E87}.Ad-Hoc|ARM.ActiveCfg = Release|Any CPU
		{D47E0D93-E571-454D-BB1B-302F71125E87}.Ad-Hoc|ARM.Build.0 = Release|Any CPU
		{D47E0D93-E571-454D-BB1B-302F71125E87}.Ad-Hoc|ARM.Deploy.0 = Release|Any CPU
		{D47E0D93-E571-454D-BB1B-302F71125E87}.Ad-Hoc|iPhone.ActiveCfg = Release|Any CPU
		{D47E0D93-E571-454D-BB1B-302F71125E87}.Ad-Hoc|iPhone.Build.0 = Release|Any CPU
		{D47E0D93-E571-454D-BB1B-302F71125E87}.Ad-Hoc|iPhone.Deploy.0 = Release|Any CPU
		{D47E0D93-E571-454D-BB1B-302F71125E87}.Ad-Hoc|iPhoneSimulator.ActiveCfg = Release|Any CPU
		{D47E0D93-E571-454D-BB1B-302F71125E87}.Ad-Hoc|iPhoneSimulator.Build.0 = Release|Any CPU
		{D47E0D93-E571-454D-BB1B-302F71125E87}.Ad-Hoc|iPhoneSimulator.Deploy.0 = Release|Any CPU
		{D47E0D93-E571-454D-BB1B-302F71125E87}.Ad-Hoc|x64.ActiveCfg = Release|Any CPU
		{D47E0D93-E571-454D-BB1B-302F71125E87}.Ad-Hoc|x64.Build.0 = Release|Any CPU
		{D47E0D93-E571-454D-BB1B-302F71125E87}.Ad-Hoc|x64.Deploy.0 = Release|Any CPU
		{D47E0D93-E571-454D-BB1B-302F71125E87}.Ad-Hoc|x86.ActiveCfg = Release|Any CPU
		{D47E0D93-E571-454D-BB1B-302F71125E87}.Ad-Hoc|x86.Build.0 = Release|Any CPU
		{D47E0D93-E571-454D-BB1B-302F71125E87}.Ad-Hoc|x86.Deploy.0 = Release|Any CPU
		{D47E0D93-E571-454D-BB1B-302F71125E87}.AppStore|Any CPU.ActiveCfg = Release|Any CPU
		{D47E0D93-E571-454D-BB1B-302F71125E87}.AppStore|Any CPU.Build.0 = Release|Any CPU
		{D47E0D93-E571-454D-BB1B-302F71125E87}.AppStore|Any CPU.Deploy.0 = Release|Any CPU
		{D47E0D93-E571-454D-BB1B-302F71125E87}.AppStore|ARM.ActiveCfg = Release|Any CPU
		{D47E0D93-E571-454D-BB1B-302F71125E87}.AppStore|ARM.Build.0 = Release|Any CPU
		{D47E0D93-E571-454D-BB1B-302F71125E87}.AppStore|ARM.Deploy.0 = Release|Any CPU
		{D47E0D93-E571-454D-BB1B-302F71125E87}.AppStore|iPhone.ActiveCfg = Release|Any CPU
		{D47E0D93-E571-454D-BB1B-302F71125E87}.AppStore|iPhone.Build.0 = Release|Any CPU
		{D47E0D93-E571-454D-BB1B-302F71125E87}.AppStore|iPhone.Deploy.0 = Release|Any CPU
		{D47E0D93-E571-454D-BB1B-302F71125E87}.AppStore|iPhoneSimulator.ActiveCfg = Release|Any CPU
		{D47E0D93-E571-454D-BB1B-302F71125E87}.AppStore|iPhoneSimulator.Build.0 = Release|Any CPU
		{D47E0D93-E571-454D-BB1B-302F71125E87}.AppStore|iPhoneSimulator.Deploy.0 = Release|Any CPU
		{D47E0D93-E571-454D-BB1B-302F71125E87}.AppStore|x64.ActiveCfg = Release|Any CPU
		{D47E0D93-E571-454D-BB1B-302F71125E87}.AppStore|x64.Build.0 = Release|Any CPU
		{D47E0D93-E571-454D-BB1B-302F71125E87}.AppStore|x64.Deploy.0 = Release|Any CPU
		{D47E0D93-E571-454D-BB1B-302F71125E87}.AppStore|x86.ActiveCfg = Release|Any CPU
		{D47E0D93-E571-454D-BB1B-302F71125E87}.AppStore|x86.Build.0 = Release|Any CPU
		{D47E0D93-E571-454D-BB1B-302F71125E87}.AppStore|x86.Deploy.0 = Release|Any CPU
		{D47E0D93-E571-454D-BB1B-302F71125E87}.Debug|Any CPU.ActiveCfg = Debug|Any CPU
		{D47E0D93-E571-454D-BB1B-302F71125E87}.Debug|Any CPU.Build.0 = Debug|Any CPU
		{D47E0D93-E571-454D-BB1B-302F71125E87}.Debug|Any CPU.Deploy.0 = Debug|Any CPU
		{D47E0D93-E571-454D-BB1B-302F71125E87}.Debug|ARM.ActiveCfg = Debug|Any CPU
		{D47E0D93-E571-454D-BB1B-302F71125E87}.Debug|ARM.Build.0 = Debug|Any CPU
		{D47E0D93-E571-454D-BB1B-302F71125E87}.Debug|ARM.Deploy.0 = Debug|Any CPU
		{D47E0D93-E571-454D-BB1B-302F71125E87}.Debug|iPhone.ActiveCfg = Debug|Any CPU
		{D47E0D93-E571-454D-BB1B-302F71125E87}.Debug|iPhone.Build.0 = Debug|Any CPU
		{D47E0D93-E571-454D-BB1B-302F71125E87}.Debug|iPhone.Deploy.0 = Debug|Any CPU
		{D47E0D93-E571-454D-BB1B-302F71125E87}.Debug|iPhoneSimulator.ActiveCfg = Debug|Any CPU
		{D47E0D93-E571-454D-BB1B-302F71125E87}.Debug|iPhoneSimulator.Build.0 = Debug|Any CPU
		{D47E0D93-E571-454D-BB1B-302F71125E87}.Debug|iPhoneSimulator.Deploy.0 = Debug|Any CPU
		{D47E0D93-E571-454D-BB1B-302F71125E87}.Debug|x64.ActiveCfg = Debug|Any CPU
		{D47E0D93-E571-454D-BB1B-302F71125E87}.Debug|x64.Build.0 = Debug|Any CPU
		{D47E0D93-E571-454D-BB1B-302F71125E87}.Debug|x64.Deploy.0 = Debug|Any CPU
		{D47E0D93-E571-454D-BB1B-302F71125E87}.Debug|x86.ActiveCfg = Debug|Any CPU
		{D47E0D93-E571-454D-BB1B-302F71125E87}.Debug|x86.Build.0 = Debug|Any CPU
		{D47E0D93-E571-454D-BB1B-302F71125E87}.Debug|x86.Deploy.0 = Debug|Any CPU
		{D47E0D93-E571-454D-BB1B-302F71125E87}.Release|Any CPU.ActiveCfg = Release|Any CPU
		{D47E0D93-E571-454D-BB1B-302F71125E87}.Release|Any CPU.Build.0 = Release|Any CPU
		{D47E0D93-E571-454D-BB1B-302F71125E87}.Release|Any CPU.Deploy.0 = Release|Any CPU
		{D47E0D93-E571-454D-BB1B-302F71125E87}.Release|ARM.ActiveCfg = Release|Any CPU
		{D47E0D93-E571-454D-BB1B-302F71125E87}.Release|ARM.Build.0 = Release|Any CPU
		{D47E0D93-E571-454D-BB1B-302F71125E87}.Release|ARM.Deploy.0 = Release|Any CPU
		{D47E0D93-E571-454D-BB1B-302F71125E87}.Release|iPhone.ActiveCfg = Release|Any CPU
		{D47E0D93-E571-454D-BB1B-302F71125E87}.Release|iPhone.Build.0 = Release|Any CPU
		{D47E0D93-E571-454D-BB1B-302F71125E87}.Release|iPhone.Deploy.0 = Release|Any CPU
		{D47E0D93-E571-454D-BB1B-302F71125E87}.Release|iPhoneSimulator.ActiveCfg = Release|Any CPU
		{D47E0D93-E571-454D-BB1B-302F71125E87}.Release|iPhoneSimulator.Build.0 = Release|Any CPU
		{D47E0D93-E571-454D-BB1B-302F71125E87}.Release|iPhoneSimulator.Deploy.0 = Release|Any CPU
		{D47E0D93-E571-454D-BB1B-302F71125E87}.Release|x64.ActiveCfg = Release|Any CPU
		{D47E0D93-E571-454D-BB1B-302F71125E87}.Release|x64.Build.0 = Release|Any CPU
		{D47E0D93-E571-454D-BB1B-302F71125E87}.Release|x64.Deploy.0 = Release|Any CPU
		{D47E0D93-E571-454D-BB1B-302F71125E87}.Release|x86.ActiveCfg = Release|Any CPU
		{D47E0D93-E571-454D-BB1B-302F71125E87}.Release|x86.Build.0 = Release|Any CPU
		{D47E0D93-E571-454D-BB1B-302F71125E87}.Release|x86.Deploy.0 = Release|Any CPU
		{476F99C2-7C9A-40DA-9C27-2257BE31A5A4}.Ad-Hoc|Any CPU.ActiveCfg = Ad-Hoc|iPhone
		{476F99C2-7C9A-40DA-9C27-2257BE31A5A4}.Ad-Hoc|ARM.ActiveCfg = Ad-Hoc|iPhone
		{476F99C2-7C9A-40DA-9C27-2257BE31A5A4}.Ad-Hoc|iPhone.ActiveCfg = Ad-Hoc|iPhone
		{476F99C2-7C9A-40DA-9C27-2257BE31A5A4}.Ad-Hoc|iPhone.Build.0 = Ad-Hoc|iPhone
		{476F99C2-7C9A-40DA-9C27-2257BE31A5A4}.Ad-Hoc|iPhoneSimulator.ActiveCfg = Ad-Hoc|iPhoneSimulator
		{476F99C2-7C9A-40DA-9C27-2257BE31A5A4}.Ad-Hoc|iPhoneSimulator.Build.0 = Ad-Hoc|iPhoneSimulator
		{476F99C2-7C9A-40DA-9C27-2257BE31A5A4}.Ad-Hoc|x64.ActiveCfg = Ad-Hoc|iPhone
		{476F99C2-7C9A-40DA-9C27-2257BE31A5A4}.Ad-Hoc|x86.ActiveCfg = Ad-Hoc|iPhone
		{476F99C2-7C9A-40DA-9C27-2257BE31A5A4}.AppStore|Any CPU.ActiveCfg = AppStore|iPhone
		{476F99C2-7C9A-40DA-9C27-2257BE31A5A4}.AppStore|ARM.ActiveCfg = AppStore|iPhone
		{476F99C2-7C9A-40DA-9C27-2257BE31A5A4}.AppStore|iPhone.ActiveCfg = AppStore|iPhone
		{476F99C2-7C9A-40DA-9C27-2257BE31A5A4}.AppStore|iPhone.Build.0 = AppStore|iPhone
		{476F99C2-7C9A-40DA-9C27-2257BE31A5A4}.AppStore|iPhoneSimulator.ActiveCfg = AppStore|iPhoneSimulator
		{476F99C2-7C9A-40DA-9C27-2257BE31A5A4}.AppStore|iPhoneSimulator.Build.0 = AppStore|iPhoneSimulator
		{476F99C2-7C9A-40DA-9C27-2257BE31A5A4}.AppStore|x64.ActiveCfg = AppStore|iPhone
		{476F99C2-7C9A-40DA-9C27-2257BE31A5A4}.AppStore|x86.ActiveCfg = AppStore|iPhone
		{476F99C2-7C9A-40DA-9C27-2257BE31A5A4}.Debug|Any CPU.ActiveCfg = Debug|iPhone
		{476F99C2-7C9A-40DA-9C27-2257BE31A5A4}.Debug|ARM.ActiveCfg = Debug|iPhone
		{476F99C2-7C9A-40DA-9C27-2257BE31A5A4}.Debug|iPhone.ActiveCfg = Debug|iPhone
		{476F99C2-7C9A-40DA-9C27-2257BE31A5A4}.Debug|iPhone.Build.0 = Debug|iPhone
		{476F99C2-7C9A-40DA-9C27-2257BE31A5A4}.Debug|iPhoneSimulator.ActiveCfg = Debug|iPhoneSimulator
		{476F99C2-7C9A-40DA-9C27-2257BE31A5A4}.Debug|iPhoneSimulator.Build.0 = Debug|iPhoneSimulator
		{476F99C2-7C9A-40DA-9C27-2257BE31A5A4}.Debug|x64.ActiveCfg = Debug|iPhone
		{476F99C2-7C9A-40DA-9C27-2257BE31A5A4}.Debug|x86.ActiveCfg = Debug|iPhone
		{476F99C2-7C9A-40DA-9C27-2257BE31A5A4}.Release|Any CPU.ActiveCfg = Release|iPhone
		{476F99C2-7C9A-40DA-9C27-2257BE31A5A4}.Release|ARM.ActiveCfg = Release|iPhone
		{476F99C2-7C9A-40DA-9C27-2257BE31A5A4}.Release|iPhone.ActiveCfg = Release|iPhone
		{476F99C2-7C9A-40DA-9C27-2257BE31A5A4}.Release|iPhone.Build.0 = Release|iPhone
		{476F99C2-7C9A-40DA-9C27-2257BE31A5A4}.Release|iPhoneSimulator.ActiveCfg = Release|iPhoneSimulator
		{476F99C2-7C9A-40DA-9C27-2257BE31A5A4}.Release|iPhoneSimulator.Build.0 = Release|iPhoneSimulator
		{476F99C2-7C9A-40DA-9C27-2257BE31A5A4}.Release|x64.ActiveCfg = Release|iPhone
		{476F99C2-7C9A-40DA-9C27-2257BE31A5A4}.Release|x86.ActiveCfg = Release|iPhone
		{5ED524C2-5C3C-48D8-BA29-B76342E32114}.Ad-Hoc|Any CPU.ActiveCfg = Release|Any CPU
		{5ED524C2-5C3C-48D8-BA29-B76342E32114}.Ad-Hoc|Any CPU.Build.0 = Release|Any CPU
		{5ED524C2-5C3C-48D8-BA29-B76342E32114}.Ad-Hoc|Any CPU.Deploy.0 = Release|Any CPU
		{5ED524C2-5C3C-48D8-BA29-B76342E32114}.Ad-Hoc|ARM.ActiveCfg = Release|ARM
		{5ED524C2-5C3C-48D8-BA29-B76342E32114}.Ad-Hoc|ARM.Build.0 = Release|ARM
		{5ED524C2-5C3C-48D8-BA29-B76342E32114}.Ad-Hoc|ARM.Deploy.0 = Release|ARM
		{5ED524C2-5C3C-48D8-BA29-B76342E32114}.Ad-Hoc|iPhone.ActiveCfg = Release|Any CPU
		{5ED524C2-5C3C-48D8-BA29-B76342E32114}.Ad-Hoc|iPhone.Build.0 = Release|Any CPU
		{5ED524C2-5C3C-48D8-BA29-B76342E32114}.Ad-Hoc|iPhone.Deploy.0 = Release|Any CPU
		{5ED524C2-5C3C-48D8-BA29-B76342E32114}.Ad-Hoc|iPhoneSimulator.ActiveCfg = Release|Any CPU
		{5ED524C2-5C3C-48D8-BA29-B76342E32114}.Ad-Hoc|iPhoneSimulator.Build.0 = Release|Any CPU
		{5ED524C2-5C3C-48D8-BA29-B76342E32114}.Ad-Hoc|iPhoneSimulator.Deploy.0 = Release|Any CPU
		{5ED524C2-5C3C-48D8-BA29-B76342E32114}.Ad-Hoc|x64.ActiveCfg = Release|Any CPU
		{5ED524C2-5C3C-48D8-BA29-B76342E32114}.Ad-Hoc|x64.Build.0 = Release|Any CPU
		{5ED524C2-5C3C-48D8-BA29-B76342E32114}.Ad-Hoc|x64.Deploy.0 = Release|Any CPU
		{5ED524C2-5C3C-48D8-BA29-B76342E32114}.Ad-Hoc|x86.ActiveCfg = Release|x86
		{5ED524C2-5C3C-48D8-BA29-B76342E32114}.Ad-Hoc|x86.Build.0 = Release|x86
		{5ED524C2-5C3C-48D8-BA29-B76342E32114}.Ad-Hoc|x86.Deploy.0 = Release|x86
		{5ED524C2-5C3C-48D8-BA29-B76342E32114}.AppStore|Any CPU.ActiveCfg = Release|Any CPU
		{5ED524C2-5C3C-48D8-BA29-B76342E32114}.AppStore|Any CPU.Build.0 = Release|Any CPU
		{5ED524C2-5C3C-48D8-BA29-B76342E32114}.AppStore|Any CPU.Deploy.0 = Release|Any CPU
		{5ED524C2-5C3C-48D8-BA29-B76342E32114}.AppStore|ARM.ActiveCfg = Release|ARM
		{5ED524C2-5C3C-48D8-BA29-B76342E32114}.AppStore|ARM.Build.0 = Release|ARM
		{5ED524C2-5C3C-48D8-BA29-B76342E32114}.AppStore|ARM.Deploy.0 = Release|ARM
		{5ED524C2-5C3C-48D8-BA29-B76342E32114}.AppStore|iPhone.ActiveCfg = Release|Any CPU
		{5ED524C2-5C3C-48D8-BA29-B76342E32114}.AppStore|iPhone.Build.0 = Release|Any CPU
		{5ED524C2-5C3C-48D8-BA29-B76342E32114}.AppStore|iPhone.Deploy.0 = Release|Any CPU
		{5ED524C2-5C3C-48D8-BA29-B76342E32114}.AppStore|iPhoneSimulator.ActiveCfg = Release|Any CPU
		{5ED524C2-5C3C-48D8-BA29-B76342E32114}.AppStore|iPhoneSimulator.Build.0 = Release|Any CPU
		{5ED524C2-5C3C-48D8-BA29-B76342E32114}.AppStore|iPhoneSimulator.Deploy.0 = Release|Any CPU
		{5ED524C2-5C3C-48D8-BA29-B76342E32114}.AppStore|x64.ActiveCfg = Release|Any CPU
		{5ED524C2-5C3C-48D8-BA29-B76342E32114}.AppStore|x64.Build.0 = Release|Any CPU
		{5ED524C2-5C3C-48D8-BA29-B76342E32114}.AppStore|x64.Deploy.0 = Release|Any CPU
		{5ED524C2-5C3C-48D8-BA29-B76342E32114}.AppStore|x86.ActiveCfg = Release|x86
		{5ED524C2-5C3C-48D8-BA29-B76342E32114}.AppStore|x86.Build.0 = Release|x86
		{5ED524C2-5C3C-48D8-BA29-B76342E32114}.AppStore|x86.Deploy.0 = Release|x86
		{5ED524C2-5C3C-48D8-BA29-B76342E32114}.Debug|Any CPU.ActiveCfg = Debug|Any CPU
		{5ED524C2-5C3C-48D8-BA29-B76342E32114}.Debug|Any CPU.Build.0 = Debug|Any CPU
		{5ED524C2-5C3C-48D8-BA29-B76342E32114}.Debug|Any CPU.Deploy.0 = Debug|Any CPU
		{5ED524C2-5C3C-48D8-BA29-B76342E32114}.Debug|ARM.ActiveCfg = Debug|ARM
		{5ED524C2-5C3C-48D8-BA29-B76342E32114}.Debug|ARM.Build.0 = Debug|ARM
		{5ED524C2-5C3C-48D8-BA29-B76342E32114}.Debug|ARM.Deploy.0 = Debug|ARM
		{5ED524C2-5C3C-48D8-BA29-B76342E32114}.Debug|iPhone.ActiveCfg = Debug|Any CPU
		{5ED524C2-5C3C-48D8-BA29-B76342E32114}.Debug|iPhone.Build.0 = Debug|Any CPU
		{5ED524C2-5C3C-48D8-BA29-B76342E32114}.Debug|iPhone.Deploy.0 = Debug|Any CPU
		{5ED524C2-5C3C-48D8-BA29-B76342E32114}.Debug|iPhoneSimulator.ActiveCfg = Debug|Any CPU
		{5ED524C2-5C3C-48D8-BA29-B76342E32114}.Debug|iPhoneSimulator.Build.0 = Debug|Any CPU
		{5ED524C2-5C3C-48D8-BA29-B76342E32114}.Debug|iPhoneSimulator.Deploy.0 = Debug|Any CPU
		{5ED524C2-5C3C-48D8-BA29-B76342E32114}.Debug|x64.ActiveCfg = Debug|Any CPU
		{5ED524C2-5C3C-48D8-BA29-B76342E32114}.Debug|x64.Build.0 = Debug|Any CPU
		{5ED524C2-5C3C-48D8-BA29-B76342E32114}.Debug|x64.Deploy.0 = Debug|Any CPU
		{5ED524C2-5C3C-48D8-BA29-B76342E32114}.Debug|x86.ActiveCfg = Debug|x86
		{5ED524C2-5C3C-48D8-BA29-B76342E32114}.Debug|x86.Build.0 = Debug|x86
		{5ED524C2-5C3C-48D8-BA29-B76342E32114}.Debug|x86.Deploy.0 = Debug|x86
		{5ED524C2-5C3C-48D8-BA29-B76342E32114}.Release|Any CPU.ActiveCfg = Release|Any CPU
		{5ED524C2-5C3C-48D8-BA29-B76342E32114}.Release|Any CPU.Build.0 = Release|Any CPU
		{5ED524C2-5C3C-48D8-BA29-B76342E32114}.Release|Any CPU.Deploy.0 = Release|Any CPU
		{5ED524C2-5C3C-48D8-BA29-B76342E32114}.Release|ARM.ActiveCfg = Release|ARM
		{5ED524C2-5C3C-48D8-BA29-B76342E32114}.Release|ARM.Build.0 = Release|ARM
		{5ED524C2-5C3C-48D8-BA29-B76342E32114}.Release|ARM.Deploy.0 = Release|ARM
		{5ED524C2-5C3C-48D8-BA29-B76342E32114}.Release|iPhone.ActiveCfg = Release|Any CPU
		{5ED524C2-5C3C-48D8-BA29-B76342E32114}.Release|iPhone.Build.0 = Release|Any CPU
		{5ED524C2-5C3C-48D8-BA29-B76342E32114}.Release|iPhone.Deploy.0 = Release|Any CPU
		{5ED524C2-5C3C-48D8-BA29-B76342E32114}.Release|iPhoneSimulator.ActiveCfg = Release|Any CPU
		{5ED524C2-5C3C-48D8-BA29-B76342E32114}.Release|iPhoneSimulator.Build.0 = Release|Any CPU
		{5ED524C2-5C3C-48D8-BA29-B76342E32114}.Release|iPhoneSimulator.Deploy.0 = Release|Any CPU
		{5ED524C2-5C3C-48D8-BA29-B76342E32114}.Release|x64.ActiveCfg = Release|Any CPU
		{5ED524C2-5C3C-48D8-BA29-B76342E32114}.Release|x64.Build.0 = Release|Any CPU
		{5ED524C2-5C3C-48D8-BA29-B76342E32114}.Release|x64.Deploy.0 = Release|Any CPU
		{5ED524C2-5C3C-48D8-BA29-B76342E32114}.Release|x86.ActiveCfg = Release|x86
		{5ED524C2-5C3C-48D8-BA29-B76342E32114}.Release|x86.Build.0 = Release|x86
		{5ED524C2-5C3C-48D8-BA29-B76342E32114}.Release|x86.Deploy.0 = Release|x86
		{64941341-85D6-4714-8B36-30C8B4647E7E}.Ad-Hoc|Any CPU.ActiveCfg = Release|x86
		{64941341-85D6-4714-8B36-30C8B4647E7E}.Ad-Hoc|Any CPU.Build.0 = Release|x86
		{64941341-85D6-4714-8B36-30C8B4647E7E}.Ad-Hoc|Any CPU.Deploy.0 = Release|x86
		{64941341-85D6-4714-8B36-30C8B4647E7E}.Ad-Hoc|ARM.ActiveCfg = Release|ARM
		{64941341-85D6-4714-8B36-30C8B4647E7E}.Ad-Hoc|ARM.Build.0 = Release|ARM
		{64941341-85D6-4714-8B36-30C8B4647E7E}.Ad-Hoc|ARM.Deploy.0 = Release|ARM
		{64941341-85D6-4714-8B36-30C8B4647E7E}.Ad-Hoc|iPhone.ActiveCfg = Release|x86
		{64941341-85D6-4714-8B36-30C8B4647E7E}.Ad-Hoc|iPhone.Build.0 = Release|x86
		{64941341-85D6-4714-8B36-30C8B4647E7E}.Ad-Hoc|iPhone.Deploy.0 = Release|x86
		{64941341-85D6-4714-8B36-30C8B4647E7E}.Ad-Hoc|iPhoneSimulator.ActiveCfg = Release|x86
		{64941341-85D6-4714-8B36-30C8B4647E7E}.Ad-Hoc|iPhoneSimulator.Build.0 = Release|x86
		{64941341-85D6-4714-8B36-30C8B4647E7E}.Ad-Hoc|iPhoneSimulator.Deploy.0 = Release|x86
		{64941341-85D6-4714-8B36-30C8B4647E7E}.Ad-Hoc|x64.ActiveCfg = Release|x64
		{64941341-85D6-4714-8B36-30C8B4647E7E}.Ad-Hoc|x64.Build.0 = Release|x64
		{64941341-85D6-4714-8B36-30C8B4647E7E}.Ad-Hoc|x64.Deploy.0 = Release|x64
		{64941341-85D6-4714-8B36-30C8B4647E7E}.Ad-Hoc|x86.ActiveCfg = Release|x86
		{64941341-85D6-4714-8B36-30C8B4647E7E}.Ad-Hoc|x86.Build.0 = Release|x86
		{64941341-85D6-4714-8B36-30C8B4647E7E}.Ad-Hoc|x86.Deploy.0 = Release|x86
		{64941341-85D6-4714-8B36-30C8B4647E7E}.AppStore|Any CPU.ActiveCfg = Release|x86
		{64941341-85D6-4714-8B36-30C8B4647E7E}.AppStore|Any CPU.Build.0 = Release|x86
		{64941341-85D6-4714-8B36-30C8B4647E7E}.AppStore|Any CPU.Deploy.0 = Release|x86
		{64941341-85D6-4714-8B36-30C8B4647E7E}.AppStore|ARM.ActiveCfg = Release|ARM
		{64941341-85D6-4714-8B36-30C8B4647E7E}.AppStore|ARM.Build.0 = Release|ARM
		{64941341-85D6-4714-8B36-30C8B4647E7E}.AppStore|ARM.Deploy.0 = Release|ARM
		{64941341-85D6-4714-8B36-30C8B4647E7E}.AppStore|iPhone.ActiveCfg = Release|x86
		{64941341-85D6-4714-8B36-30C8B4647E7E}.AppStore|iPhone.Build.0 = Release|x86
		{64941341-85D6-4714-8B36-30C8B4647E7E}.AppStore|iPhone.Deploy.0 = Release|x86
		{64941341-85D6-4714-8B36-30C8B4647E7E}.AppStore|iPhoneSimulator.ActiveCfg = Release|x86
		{64941341-85D6-4714-8B36-30C8B4647E7E}.AppStore|iPhoneSimulator.Build.0 = Release|x86
		{64941341-85D6-4714-8B36-30C8B4647E7E}.AppStore|iPhoneSimulator.Deploy.0 = Release|x86
		{64941341-85D6-4714-8B36-30C8B4647E7E}.AppStore|x64.ActiveCfg = Release|x64
		{64941341-85D6-4714-8B36-30C8B4647E7E}.AppStore|x64.Build.0 = Release|x64
		{64941341-85D6-4714-8B36-30C8B4647E7E}.AppStore|x64.Deploy.0 = Release|x64
		{64941341-85D6-4714-8B36-30C8B4647E7E}.AppStore|x86.ActiveCfg = Release|x86
		{64941341-85D6-4714-8B36-30C8B4647E7E}.AppStore|x86.Build.0 = Release|x86
		{64941341-85D6-4714-8B36-30C8B4647E7E}.AppStore|x86.Deploy.0 = Release|x86
		{64941341-85D6-4714-8B36-30C8B4647E7E}.Debug|Any CPU.ActiveCfg = Debug|x86
		{64941341-85D6-4714-8B36-30C8B4647E7E}.Debug|ARM.ActiveCfg = Debug|ARM
		{64941341-85D6-4714-8B36-30C8B4647E7E}.Debug|ARM.Build.0 = Debug|ARM
		{64941341-85D6-4714-8B36-30C8B4647E7E}.Debug|ARM.Deploy.0 = Debug|ARM
		{64941341-85D6-4714-8B36-30C8B4647E7E}.Debug|iPhone.ActiveCfg = Debug|x86
		{64941341-85D6-4714-8B36-30C8B4647E7E}.Debug|iPhoneSimulator.ActiveCfg = Debug|x86
		{64941341-85D6-4714-8B36-30C8B4647E7E}.Debug|x64.ActiveCfg = Debug|x64
		{64941341-85D6-4714-8B36-30C8B4647E7E}.Debug|x64.Build.0 = Debug|x64
		{64941341-85D6-4714-8B36-30C8B4647E7E}.Debug|x64.Deploy.0 = Debug|x64
		{64941341-85D6-4714-8B36-30C8B4647E7E}.Debug|x86.ActiveCfg = Debug|x86
		{64941341-85D6-4714-8B36-30C8B4647E7E}.Debug|x86.Build.0 = Debug|x86
		{64941341-85D6-4714-8B36-30C8B4647E7E}.Debug|x86.Deploy.0 = Debug|x86
		{64941341-85D6-4714-8B36-30C8B4647E7E}.Release|Any CPU.ActiveCfg = Release|x86
		{64941341-85D6-4714-8B36-30C8B4647E7E}.Release|ARM.ActiveCfg = Release|ARM
		{64941341-85D6-4714-8B36-30C8B4647E7E}.Release|ARM.Build.0 = Release|ARM
		{64941341-85D6-4714-8B36-30C8B4647E7E}.Release|ARM.Deploy.0 = Release|ARM
		{64941341-85D6-4714-8B36-30C8B4647E7E}.Release|iPhone.ActiveCfg = Release|x86
		{64941341-85D6-4714-8B36-30C8B4647E7E}.Release|iPhoneSimulator.ActiveCfg = Release|x86
		{64941341-85D6-4714-8B36-30C8B4647E7E}.Release|x64.ActiveCfg = Release|x64
		{64941341-85D6-4714-8B36-30C8B4647E7E}.Release|x64.Build.0 = Release|x64
		{64941341-85D6-4714-8B36-30C8B4647E7E}.Release|x64.Deploy.0 = Release|x64
		{64941341-85D6-4714-8B36-30C8B4647E7E}.Release|x86.ActiveCfg = Release|x86
		{64941341-85D6-4714-8B36-30C8B4647E7E}.Release|x86.Build.0 = Release|x86
		{64941341-85D6-4714-8B36-30C8B4647E7E}.Release|x86.Deploy.0 = Release|x86
		{8B34C7CC-BD71-4D2C-B109-2F4BB04E69B1}.Ad-Hoc|Any CPU.ActiveCfg = Release|Any CPU
		{8B34C7CC-BD71-4D2C-B109-2F4BB04E69B1}.Ad-Hoc|Any CPU.Build.0 = Release|Any CPU
		{8B34C7CC-BD71-4D2C-B109-2F4BB04E69B1}.Ad-Hoc|Any CPU.Deploy.0 = Release|Any CPU
		{8B34C7CC-BD71-4D2C-B109-2F4BB04E69B1}.Ad-Hoc|ARM.ActiveCfg = Release|ARM
		{8B34C7CC-BD71-4D2C-B109-2F4BB04E69B1}.Ad-Hoc|ARM.Build.0 = Release|ARM
		{8B34C7CC-BD71-4D2C-B109-2F4BB04E69B1}.Ad-Hoc|ARM.Deploy.0 = Release|ARM
		{8B34C7CC-BD71-4D2C-B109-2F4BB04E69B1}.Ad-Hoc|iPhone.ActiveCfg = Release|Any CPU
		{8B34C7CC-BD71-4D2C-B109-2F4BB04E69B1}.Ad-Hoc|iPhone.Build.0 = Release|Any CPU
		{8B34C7CC-BD71-4D2C-B109-2F4BB04E69B1}.Ad-Hoc|iPhone.Deploy.0 = Release|Any CPU
		{8B34C7CC-BD71-4D2C-B109-2F4BB04E69B1}.Ad-Hoc|iPhoneSimulator.ActiveCfg = Release|Any CPU
		{8B34C7CC-BD71-4D2C-B109-2F4BB04E69B1}.Ad-Hoc|iPhoneSimulator.Build.0 = Release|Any CPU
		{8B34C7CC-BD71-4D2C-B109-2F4BB04E69B1}.Ad-Hoc|iPhoneSimulator.Deploy.0 = Release|Any CPU
		{8B34C7CC-BD71-4D2C-B109-2F4BB04E69B1}.Ad-Hoc|x64.ActiveCfg = Release|x64
		{8B34C7CC-BD71-4D2C-B109-2F4BB04E69B1}.Ad-Hoc|x64.Build.0 = Release|x64
		{8B34C7CC-BD71-4D2C-B109-2F4BB04E69B1}.Ad-Hoc|x64.Deploy.0 = Release|x64
		{8B34C7CC-BD71-4D2C-B109-2F4BB04E69B1}.Ad-Hoc|x86.ActiveCfg = Release|x86
		{8B34C7CC-BD71-4D2C-B109-2F4BB04E69B1}.Ad-Hoc|x86.Build.0 = Release|x86
		{8B34C7CC-BD71-4D2C-B109-2F4BB04E69B1}.Ad-Hoc|x86.Deploy.0 = Release|x86
		{8B34C7CC-BD71-4D2C-B109-2F4BB04E69B1}.AppStore|Any CPU.ActiveCfg = Release|Any CPU
		{8B34C7CC-BD71-4D2C-B109-2F4BB04E69B1}.AppStore|Any CPU.Build.0 = Release|Any CPU
		{8B34C7CC-BD71-4D2C-B109-2F4BB04E69B1}.AppStore|Any CPU.Deploy.0 = Release|Any CPU
		{8B34C7CC-BD71-4D2C-B109-2F4BB04E69B1}.AppStore|ARM.ActiveCfg = Release|ARM
		{8B34C7CC-BD71-4D2C-B109-2F4BB04E69B1}.AppStore|ARM.Build.0 = Release|ARM
		{8B34C7CC-BD71-4D2C-B109-2F4BB04E69B1}.AppStore|ARM.Deploy.0 = Release|ARM
		{8B34C7CC-BD71-4D2C-B109-2F4BB04E69B1}.AppStore|iPhone.ActiveCfg = Release|Any CPU
		{8B34C7CC-BD71-4D2C-B109-2F4BB04E69B1}.AppStore|iPhone.Build.0 = Release|Any CPU
		{8B34C7CC-BD71-4D2C-B109-2F4BB04E69B1}.AppStore|iPhone.Deploy.0 = Release|Any CPU
		{8B34C7CC-BD71-4D2C-B109-2F4BB04E69B1}.AppStore|iPhoneSimulator.ActiveCfg = Release|Any CPU
		{8B34C7CC-BD71-4D2C-B109-2F4BB04E69B1}.AppStore|iPhoneSimulator.Build.0 = Release|Any CPU
		{8B34C7CC-BD71-4D2C-B109-2F4BB04E69B1}.AppStore|iPhoneSimulator.Deploy.0 = Release|Any CPU
		{8B34C7CC-BD71-4D2C-B109-2F4BB04E69B1}.AppStore|x64.ActiveCfg = Release|x64
		{8B34C7CC-BD71-4D2C-B109-2F4BB04E69B1}.AppStore|x64.Build.0 = Release|x64
		{8B34C7CC-BD71-4D2C-B109-2F4BB04E69B1}.AppStore|x64.Deploy.0 = Release|x64
		{8B34C7CC-BD71-4D2C-B109-2F4BB04E69B1}.AppStore|x86.ActiveCfg = Release|x86
		{8B34C7CC-BD71-4D2C-B109-2F4BB04E69B1}.AppStore|x86.Build.0 = Release|x86
		{8B34C7CC-BD71-4D2C-B109-2F4BB04E69B1}.AppStore|x86.Deploy.0 = Release|x86
		{8B34C7CC-BD71-4D2C-B109-2F4BB04E69B1}.Debug|Any CPU.ActiveCfg = Debug|Any CPU
		{8B34C7CC-BD71-4D2C-B109-2F4BB04E69B1}.Debug|Any CPU.Build.0 = Debug|Any CPU
		{8B34C7CC-BD71-4D2C-B109-2F4BB04E69B1}.Debug|Any CPU.Deploy.0 = Debug|Any CPU
		{8B34C7CC-BD71-4D2C-B109-2F4BB04E69B1}.Debug|ARM.ActiveCfg = Debug|ARM
		{8B34C7CC-BD71-4D2C-B109-2F4BB04E69B1}.Debug|ARM.Build.0 = Debug|ARM
		{8B34C7CC-BD71-4D2C-B109-2F4BB04E69B1}.Debug|ARM.Deploy.0 = Debug|ARM
		{8B34C7CC-BD71-4D2C-B109-2F4BB04E69B1}.Debug|iPhone.ActiveCfg = Debug|Any CPU
		{8B34C7CC-BD71-4D2C-B109-2F4BB04E69B1}.Debug|iPhone.Build.0 = Debug|Any CPU
		{8B34C7CC-BD71-4D2C-B109-2F4BB04E69B1}.Debug|iPhone.Deploy.0 = Debug|Any CPU
		{8B34C7CC-BD71-4D2C-B109-2F4BB04E69B1}.Debug|iPhoneSimulator.ActiveCfg = Debug|Any CPU
		{8B34C7CC-BD71-4D2C-B109-2F4BB04E69B1}.Debug|iPhoneSimulator.Build.0 = Debug|Any CPU
		{8B34C7CC-BD71-4D2C-B109-2F4BB04E69B1}.Debug|iPhoneSimulator.Deploy.0 = Debug|Any CPU
		{8B34C7CC-BD71-4D2C-B109-2F4BB04E69B1}.Debug|x64.ActiveCfg = Debug|x64
		{8B34C7CC-BD71-4D2C-B109-2F4BB04E69B1}.Debug|x64.Build.0 = Debug|x64
		{8B34C7CC-BD71-4D2C-B109-2F4BB04E69B1}.Debug|x64.Deploy.0 = Debug|x64
		{8B34C7CC-BD71-4D2C-B109-2F4BB04E69B1}.Debug|x86.ActiveCfg = Debug|x86
		{8B34C7CC-BD71-4D2C-B109-2F4BB04E69B1}.Debug|x86.Build.0 = Debug|x86
		{8B34C7CC-BD71-4D2C-B109-2F4BB04E69B1}.Debug|x86.Deploy.0 = Debug|x86
		{8B34C7CC-BD71-4D2C-B109-2F4BB04E69B1}.Release|Any CPU.ActiveCfg = Release|Any CPU
		{8B34C7CC-BD71-4D2C-B109-2F4BB04E69B1}.Release|Any CPU.Build.0 = Release|Any CPU
		{8B34C7CC-BD71-4D2C-B109-2F4BB04E69B1}.Release|Any CPU.Deploy.0 = Release|Any CPU
		{8B34C7CC-BD71-4D2C-B109-2F4BB04E69B1}.Release|ARM.ActiveCfg = Release|ARM
		{8B34C7CC-BD71-4D2C-B109-2F4BB04E69B1}.Release|ARM.Build.0 = Release|ARM
		{8B34C7CC-BD71-4D2C-B109-2F4BB04E69B1}.Release|ARM.Deploy.0 = Release|ARM
		{8B34C7CC-BD71-4D2C-B109-2F4BB04E69B1}.Release|iPhone.ActiveCfg = Release|Any CPU
		{8B34C7CC-BD71-4D2C-B109-2F4BB04E69B1}.Release|iPhone.Build.0 = Release|Any CPU
		{8B34C7CC-BD71-4D2C-B109-2F4BB04E69B1}.Release|iPhone.Deploy.0 = Release|Any CPU
		{8B34C7CC-BD71-4D2C-B109-2F4BB04E69B1}.Release|iPhoneSimulator.ActiveCfg = Release|Any CPU
		{8B34C7CC-BD71-4D2C-B109-2F4BB04E69B1}.Release|iPhoneSimulator.Build.0 = Release|Any CPU
		{8B34C7CC-BD71-4D2C-B109-2F4BB04E69B1}.Release|iPhoneSimulator.Deploy.0 = Release|Any CPU
		{8B34C7CC-BD71-4D2C-B109-2F4BB04E69B1}.Release|x64.ActiveCfg = Release|x64
		{8B34C7CC-BD71-4D2C-B109-2F4BB04E69B1}.Release|x64.Build.0 = Release|x64
		{8B34C7CC-BD71-4D2C-B109-2F4BB04E69B1}.Release|x64.Deploy.0 = Release|x64
		{8B34C7CC-BD71-4D2C-B109-2F4BB04E69B1}.Release|x86.ActiveCfg = Release|x86
		{8B34C7CC-BD71-4D2C-B109-2F4BB04E69B1}.Release|x86.Build.0 = Release|x86
		{8B34C7CC-BD71-4D2C-B109-2F4BB04E69B1}.Release|x86.Deploy.0 = Release|x86
		{95ABDB5F-A41A-4383-8B67-BAD974B0698F}.Ad-Hoc|Any CPU.ActiveCfg = Release|Any CPU
		{95ABDB5F-A41A-4383-8B67-BAD974B0698F}.Ad-Hoc|Any CPU.Build.0 = Release|Any CPU
		{95ABDB5F-A41A-4383-8B67-BAD974B0698F}.Ad-Hoc|ARM.ActiveCfg = Release|Any CPU
		{95ABDB5F-A41A-4383-8B67-BAD974B0698F}.Ad-Hoc|ARM.Build.0 = Release|Any CPU
		{95ABDB5F-A41A-4383-8B67-BAD974B0698F}.Ad-Hoc|iPhone.ActiveCfg = Release|Any CPU
		{95ABDB5F-A41A-4383-8B67-BAD974B0698F}.Ad-Hoc|iPhone.Build.0 = Release|Any CPU
		{95ABDB5F-A41A-4383-8B67-BAD974B0698F}.Ad-Hoc|iPhoneSimulator.ActiveCfg = Release|Any CPU
		{95ABDB5F-A41A-4383-8B67-BAD974B0698F}.Ad-Hoc|iPhoneSimulator.Build.0 = Release|Any CPU
		{95ABDB5F-A41A-4383-8B67-BAD974B0698F}.Ad-Hoc|x64.ActiveCfg = Release|Any CPU
		{95ABDB5F-A41A-4383-8B67-BAD974B0698F}.Ad-Hoc|x64.Build.0 = Release|Any CPU
		{95ABDB5F-A41A-4383-8B67-BAD974B0698F}.Ad-Hoc|x86.ActiveCfg = Release|Any CPU
		{95ABDB5F-A41A-4383-8B67-BAD974B0698F}.Ad-Hoc|x86.Build.0 = Release|Any CPU
		{95ABDB5F-A41A-4383-8B67-BAD974B0698F}.AppStore|Any CPU.ActiveCfg = Release|Any CPU
		{95ABDB5F-A41A-4383-8B67-BAD974B0698F}.AppStore|Any CPU.Build.0 = Release|Any CPU
		{95ABDB5F-A41A-4383-8B67-BAD974B0698F}.AppStore|ARM.ActiveCfg = Release|Any CPU
		{95ABDB5F-A41A-4383-8B67-BAD974B0698F}.AppStore|ARM.Build.0 = Release|Any CPU
		{95ABDB5F-A41A-4383-8B67-BAD974B0698F}.AppStore|iPhone.ActiveCfg = Release|Any CPU
		{95ABDB5F-A41A-4383-8B67-BAD974B0698F}.AppStore|iPhone.Build.0 = Release|Any CPU
		{95ABDB5F-A41A-4383-8B67-BAD974B0698F}.AppStore|iPhoneSimulator.ActiveCfg = Release|Any CPU
		{95ABDB5F-A41A-4383-8B67-BAD974B0698F}.AppStore|iPhoneSimulator.Build.0 = Release|Any CPU
		{95ABDB5F-A41A-4383-8B67-BAD974B0698F}.AppStore|x64.ActiveCfg = Release|Any CPU
		{95ABDB5F-A41A-4383-8B67-BAD974B0698F}.AppStore|x64.Build.0 = Release|Any CPU
		{95ABDB5F-A41A-4383-8B67-BAD974B0698F}.AppStore|x86.ActiveCfg = Release|Any CPU
		{95ABDB5F-A41A-4383-8B67-BAD974B0698F}.AppStore|x86.Build.0 = Release|Any CPU
		{95ABDB5F-A41A-4383-8B67-BAD974B0698F}.Debug|Any CPU.ActiveCfg = Debug|Any CPU
		{95ABDB5F-A41A-4383-8B67-BAD974B0698F}.Debug|Any CPU.Build.0 = Debug|Any CPU
		{95ABDB5F-A41A-4383-8B67-BAD974B0698F}.Debug|ARM.ActiveCfg = Debug|Any CPU
		{95ABDB5F-A41A-4383-8B67-BAD974B0698F}.Debug|ARM.Build.0 = Debug|Any CPU
		{95ABDB5F-A41A-4383-8B67-BAD974B0698F}.Debug|iPhone.ActiveCfg = Debug|Any CPU
		{95ABDB5F-A41A-4383-8B67-BAD974B0698F}.Debug|iPhone.Build.0 = Debug|Any CPU
		{95ABDB5F-A41A-4383-8B67-BAD974B0698F}.Debug|iPhoneSimulator.ActiveCfg = Debug|Any CPU
		{95ABDB5F-A41A-4383-8B67-BAD974B0698F}.Debug|iPhoneSimulator.Build.0 = Debug|Any CPU
		{95ABDB5F-A41A-4383-8B67-BAD974B0698F}.Debug|x64.ActiveCfg = Debug|Any CPU
		{95ABDB5F-A41A-4383-8B67-BAD974B0698F}.Debug|x64.Build.0 = Debug|Any CPU
		{95ABDB5F-A41A-4383-8B67-BAD974B0698F}.Debug|x86.ActiveCfg = Debug|Any CPU
		{95ABDB5F-A41A-4383-8B67-BAD974B0698F}.Debug|x86.Build.0 = Debug|Any CPU
		{95ABDB5F-A41A-4383-8B67-BAD974B0698F}.Release|Any CPU.ActiveCfg = Release|Any CPU
		{95ABDB5F-A41A-4383-8B67-BAD974B0698F}.Release|Any CPU.Build.0 = Release|Any CPU
		{95ABDB5F-A41A-4383-8B67-BAD974B0698F}.Release|ARM.ActiveCfg = Release|Any CPU
		{95ABDB5F-A41A-4383-8B67-BAD974B0698F}.Release|ARM.Build.0 = Release|Any CPU
		{95ABDB5F-A41A-4383-8B67-BAD974B0698F}.Release|iPhone.ActiveCfg = Release|Any CPU
		{95ABDB5F-A41A-4383-8B67-BAD974B0698F}.Release|iPhone.Build.0 = Release|Any CPU
		{95ABDB5F-A41A-4383-8B67-BAD974B0698F}.Release|iPhoneSimulator.ActiveCfg = Release|Any CPU
		{95ABDB5F-A41A-4383-8B67-BAD974B0698F}.Release|iPhoneSimulator.Build.0 = Release|Any CPU
		{95ABDB5F-A41A-4383-8B67-BAD974B0698F}.Release|x64.ActiveCfg = Release|Any CPU
		{95ABDB5F-A41A-4383-8B67-BAD974B0698F}.Release|x64.Build.0 = Release|Any CPU
		{95ABDB5F-A41A-4383-8B67-BAD974B0698F}.Release|x86.ActiveCfg = Release|Any CPU
		{95ABDB5F-A41A-4383-8B67-BAD974B0698F}.Release|x86.Build.0 = Release|Any CPU
	EndGlobalSection
	GlobalSection(SolutionProperties) = preSolution
		HideSolutionNode = FALSE
	EndGlobalSection
EndGlobal
